
Microsoft Visual Studio Solution File, Format Version 12.00
# Visual Studio 15
VisualStudioVersion = 15.0.28307.572
MinimumVisualStudioVersion = 10.0.40219.1
Project("{FAE04EC0-301F-11D3-BF4B-00C04F79EFBC}") = "Practice12April", "Practice12April\Practice12April.csproj", "{95FA7384-AA69-4575-8167-3BED556AFE0A}"
EndProject
Global
	GlobalSection(SolutionConfigurationPlatforms) = preSolution
		Debug|Any CPU = Debug|Any CPU
		Release|Any CPU = Release|Any CPU
	EndGlobalSection
	GlobalSection(ProjectConfigurationPlatforms) = postSolution
		{95FA7384-AA69-4575-8167-3BED556AFE0A}.Debug|Any CPU.ActiveCfg = Debug|Any CPU
		{95FA7384-AA69-4575-8167-3BED556AFE0A}.Debug|Any CPU.Build.0 = Debug|Any CPU
		{95FA7384-AA69-4575-8167-3BED556AFE0A}.Release|Any CPU.ActiveCfg = Release|Any CPU
		{95FA7384-AA69-4575-8167-3BED556AFE0A}.Release|Any CPU.Build.0 = Release|Any CPU
	EndGlobalSection
	GlobalSection(SolutionProperties) = preSolution
		HideSolutionNode = FALSE
	EndGlobalSection
	GlobalSection(ExtensibilityGlobals) = postSolution
		SolutionGuid = {DEABFA24-0D76-4BF1-B98F-5F993CE53039}
	EndGlobalSection
EndGlobal
